
Microsoft Visual Studio Solution File, Format Version 12.00
# Visual Studio Version 17
VisualStudioVersion = 17.9.34511.98
MinimumVisualStudioVersion = 10.0.40219.1
Project("{9A19103F-16F7-4668-BE54-9A1E7A4F7556}") = "DotnetLab202402.Server", "DotnetLab202402\Server\DotnetLab202402.Server.csproj", "{9DD9F7AF-9476-4A82-A212-8E2660B41960}"
EndProject
Project("{9A19103F-16F7-4668-BE54-9A1E7A4F7556}") = "DotnetLab202402.Client", "DotnetLab202402\Client\DotnetLab202402.Client.csproj", "{20ED945E-2815-4141-B751-E65E62E0EF4B}"
EndProject
Project("{9A19103F-16F7-4668-BE54-9A1E7A4F7556}") = "DotnetLab202402.Shared", "DotnetLab202402\Shared\DotnetLab202402.Shared.csproj", "{CE63035D-1E49-4E16-8244-8CED083AF03C}"
EndProject
Project("{FAE04EC0-301F-11D3-BF4B-00C04F79EFBC}") = "E2ETest", "E2ETest\E2ETest.csproj", "{0A2F6952-7D6B-40C2-8769-7D2E43EF6C4A}"
EndProject
Global
	GlobalSection(SolutionConfigurationPlatforms) = preSolution
		Debug|Any CPU = Debug|Any CPU
		Release|Any CPU = Release|Any CPU
	EndGlobalSection
	GlobalSection(ProjectConfigurationPlatforms) = postSolution
		{9DD9F7AF-9476-4A82-A212-8E2660B41960}.Debug|Any CPU.ActiveCfg = Debug|Any CPU
		{9DD9F7AF-9476-4A82-A212-8E2660B41960}.Debug|Any CPU.Build.0 = Debug|Any CPU
		{9DD9F7AF-9476-4A82-A212-8E2660B41960}.Release|Any CPU.ActiveCfg = Release|Any CPU
		{9DD9F7AF-9476-4A82-A212-8E2660B41960}.Release|Any CPU.Build.0 = Release|Any CPU
		{20ED945E-2815-4141-B751-E65E62E0EF4B}.Debug|Any CPU.ActiveCfg = Debug|Any CPU
		{20ED945E-2815-4141-B751-E65E62E0EF4B}.Debug|Any CPU.Build.0 = Debug|Any CPU
		{20ED945E-2815-4141-B751-E65E62E0EF4B}.Release|Any CPU.ActiveCfg = Release|Any CPU
		{20ED945E-2815-4141-B751-E65E62E0EF4B}.Release|Any CPU.Build.0 = Release|Any CPU
		{CE63035D-1E49-4E16-8244-8CED083AF03C}.Debug|Any CPU.ActiveCfg = Debug|Any CPU
		{CE63035D-1E49-4E16-8244-8CED083AF03C}.Debug|Any CPU.Build.0 = Debug|Any CPU
		{CE63035D-1E49-4E16-8244-8CED083AF03C}.Release|Any CPU.ActiveCfg = Release|Any CPU
		{CE63035D-1E49-4E16-8244-8CED083AF03C}.Release|Any CPU.Build.0 = Release|Any CPU
		{0A2F6952-7D6B-40C2-8769-7D2E43EF6C4A}.Debug|Any CPU.ActiveCfg = Debug|Any CPU
		{0A2F6952-7D6B-40C2-8769-7D2E43EF6C4A}.Debug|Any CPU.Build.0 = Debug|Any CPU
		{0A2F6952-7D6B-40C2-8769-7D2E43EF6C4A}.Release|Any CPU.ActiveCfg = Release|Any CPU
		{0A2F6952-7D6B-40C2-8769-7D2E43EF6C4A}.Release|Any CPU.Build.0 = Release|Any CPU
	EndGlobalSection
	GlobalSection(SolutionProperties) = preSolution
		HideSolutionNode = FALSE
	EndGlobalSection
	GlobalSection(ExtensibilityGlobals) = postSolution
		SolutionGuid = {9F27BA5D-82CB-464C-A54E-8663DE7B2D80}
	EndGlobalSection
EndGlobal
